
Microsoft Visual Studio Solution File, Format Version 12.00
# Visual Studio Version 16
VisualStudioVersion = 16.0.31702.278
MinimumVisualStudioVersion = 10.0.40219.1
Project("{FAE04EC0-301F-11D3-BF4B-00C04F79EFBC}") = "Presentation", "2Layer\Presentation.csproj", "{480D2FAC-CA1A-4C22-A324-AF567D7F7B60}"
EndProject
Project("{FAE04EC0-301F-11D3-BF4B-00C04F79EFBC}") = "DataAccess", "DataAccess\DataAccess.csproj", "{562B0010-6BAA-4BE1-A97D-18DD0F95B6FE}"
EndProject
Global
	GlobalSection(SolutionConfigurationPlatforms) = preSolution
		Debug|Any CPU = Debug|Any CPU
		Release|Any CPU = Release|Any CPU
	EndGlobalSection
	GlobalSection(ProjectConfigurationPlatforms) = postSolution
		{480D2FAC-CA1A-4C22-A324-AF567D7F7B60}.Debug|Any CPU.ActiveCfg = Debug|Any CPU
		{480D2FAC-CA1A-4C22-A324-AF567D7F7B60}.Debug|Any CPU.Build.0 = Debug|Any CPU
		{480D2FAC-CA1A-4C22-A324-AF567D7F7B60}.Release|Any CPU.ActiveCfg = Release|Any CPU
		{480D2FAC-CA1A-4C22-A324-AF567D7F7B60}.Release|Any CPU.Build.0 = Release|Any CPU
		{562B0010-6BAA-4BE1-A97D-18DD0F95B6FE}.Debug|Any CPU.ActiveCfg = Debug|Any CPU
		{562B0010-6BAA-4BE1-A97D-18DD0F95B6FE}.Debug|Any CPU.Build.0 = Debug|Any CPU
		{562B0010-6BAA-4BE1-A97D-18DD0F95B6FE}.Release|Any CPU.ActiveCfg = Release|Any CPU
		{562B0010-6BAA-4BE1-A97D-18DD0F95B6FE}.Release|Any CPU.Build.0 = Release|Any CPU
	EndGlobalSection
	GlobalSection(SolutionProperties) = preSolution
		HideSolutionNode = FALSE
	EndGlobalSection
	GlobalSection(ExtensibilityGlobals) = postSolution
		SolutionGuid = {EA17D966-F433-4E17-B617-E159262C3662}
	EndGlobalSection
EndGlobal
