
Microsoft Visual Studio Solution File, Format Version 12.00
# Visual Studio Version 16
VisualStudioVersion = 16.0.31702.278
MinimumVisualStudioVersion = 10.0.40219.1
Project("{FAE04EC0-301F-11D3-BF4B-00C04F79EFBC}") = "Lecture 2", "Lecture 2\Lecture 2.csproj", "{FE58120F-A96F-4164-8C1B-B9917F0D4619}"
EndProject
Global
	GlobalSection(SolutionConfigurationPlatforms) = preSolution
		Debug|Any CPU = Debug|Any CPU
		Release|Any CPU = Release|Any CPU
	EndGlobalSection
	GlobalSection(ProjectConfigurationPlatforms) = postSolution
		{FE58120F-A96F-4164-8C1B-B9917F0D4619}.Debug|Any CPU.ActiveCfg = Debug|Any CPU
		{FE58120F-A96F-4164-8C1B-B9917F0D4619}.Debug|Any CPU.Build.0 = Debug|Any CPU
		{FE58120F-A96F-4164-8C1B-B9917F0D4619}.Release|Any CPU.ActiveCfg = Release|Any CPU
		{FE58120F-A96F-4164-8C1B-B9917F0D4619}.Release|Any CPU.Build.0 = Release|Any CPU
	EndGlobalSection
	GlobalSection(SolutionProperties) = preSolution
		HideSolutionNode = FALSE
	EndGlobalSection
	GlobalSection(ExtensibilityGlobals) = postSolution
		SolutionGuid = {D767AFD1-970E-41C2-9C1F-C5FFBEAA9D4A}
	EndGlobalSection
EndGlobal
